
Microsoft Visual Studio Solution File, Format Version 12.00
# Visual Studio Version 16
VisualStudioVersion = 16.0.29613.14
MinimumVisualStudioVersion = 10.0.40219.1
Project("{888888A0-9F3D-457C-B088-3A5042F75D52}") = "占いゲーム", "占いゲーム\占いゲーム.pyproj", "{57926547-1FFA-439F-A152-A314498CA642}"
EndProject
Global
	GlobalSection(SolutionConfigurationPlatforms) = preSolution
		Debug|Any CPU = Debug|Any CPU
		Release|Any CPU = Release|Any CPU
	EndGlobalSection
	GlobalSection(ProjectConfigurationPlatforms) = postSolution
		{57926547-1FFA-439F-A152-A314498CA642}.Debug|Any CPU.ActiveCfg = Debug|Any CPU
		{57926547-1FFA-439F-A152-A314498CA642}.Release|Any CPU.ActiveCfg = Release|Any CPU
	EndGlobalSection
	GlobalSection(SolutionProperties) = preSolution
		HideSolutionNode = FALSE
	EndGlobalSection
	GlobalSection(ExtensibilityGlobals) = postSolution
		SolutionGuid = {2A4919D6-C88B-4553-8B17-10F344E2F323}
	EndGlobalSection
EndGlobal
