
Microsoft Visual Studio Solution File, Format Version 12.00
# Visual Studio Version 16
VisualStudioVersion = 16.0.29613.14
MinimumVisualStudioVersion = 10.0.40219.1
Project("{F184B08F-C81C-45F6-A57F-5ABD9991F28F}") = "EdirListView_Demo_模写", "EdirListView_Demo_模写\EdirListView_Demo_模写.vbproj", "{2998972E-40AE-4B5D-84C7-4C78A9EA15D6}"
EndProject
Global
	GlobalSection(SolutionConfigurationPlatforms) = preSolution
		Debug|Any CPU = Debug|Any CPU
		Release|Any CPU = Release|Any CPU
	EndGlobalSection
	GlobalSection(ProjectConfigurationPlatforms) = postSolution
		{2998972E-40AE-4B5D-84C7-4C78A9EA15D6}.Debug|Any CPU.ActiveCfg = Debug|Any CPU
		{2998972E-40AE-4B5D-84C7-4C78A9EA15D6}.Debug|Any CPU.Build.0 = Debug|Any CPU
		{2998972E-40AE-4B5D-84C7-4C78A9EA15D6}.Release|Any CPU.ActiveCfg = Release|Any CPU
		{2998972E-40AE-4B5D-84C7-4C78A9EA15D6}.Release|Any CPU.Build.0 = Release|Any CPU
	EndGlobalSection
	GlobalSection(SolutionProperties) = preSolution
		HideSolutionNode = FALSE
	EndGlobalSection
	GlobalSection(ExtensibilityGlobals) = postSolution
		SolutionGuid = {9D238430-8FAC-4C3F-AAD3-2659F31C0137}
	EndGlobalSection
EndGlobal
