
Microsoft Visual Studio Solution File, Format Version 12.00
# Visual Studio Version 16
VisualStudioVersion = 16.0.29613.14
MinimumVisualStudioVersion = 10.0.40219.1
Project("{F184B08F-C81C-45F6-A57F-5ABD9991F28F}") = "notepad_模写", "notepad_模写\notepad_模写.vbproj", "{5267B279-249C-4864-B640-0A5D2C030727}"
EndProject
Global
	GlobalSection(SolutionConfigurationPlatforms) = preSolution
		Debug|Any CPU = Debug|Any CPU
		Release|Any CPU = Release|Any CPU
	EndGlobalSection
	GlobalSection(ProjectConfigurationPlatforms) = postSolution
		{5267B279-249C-4864-B640-0A5D2C030727}.Debug|Any CPU.ActiveCfg = Debug|Any CPU
		{5267B279-249C-4864-B640-0A5D2C030727}.Debug|Any CPU.Build.0 = Debug|Any CPU
		{5267B279-249C-4864-B640-0A5D2C030727}.Release|Any CPU.ActiveCfg = Release|Any CPU
		{5267B279-249C-4864-B640-0A5D2C030727}.Release|Any CPU.Build.0 = Release|Any CPU
	EndGlobalSection
	GlobalSection(SolutionProperties) = preSolution
		HideSolutionNode = FALSE
	EndGlobalSection
	GlobalSection(ExtensibilityGlobals) = postSolution
		SolutionGuid = {6A449652-C5F5-43F8-8E90-606F5DAC2822}
	EndGlobalSection
EndGlobal
