
Microsoft Visual Studio Solution File, Format Version 12.00
# Visual Studio 15
VisualStudioVersion = 15.0.28307.136
MinimumVisualStudioVersion = 10.0.40219.1
Project("{F184B08F-C81C-45F6-A57F-5ABD9991F28F}") = "商品注文ソフト", "商品注文ソフト.vbproj", "{56857ABB-C7ED-403E-84FA-7BF1F0601AE6}"
EndProject
Global
	GlobalSection(SolutionConfigurationPlatforms) = preSolution
		Debug|Any CPU = Debug|Any CPU
		Release|Any CPU = Release|Any CPU
	EndGlobalSection
	GlobalSection(ProjectConfigurationPlatforms) = postSolution
		{56857ABB-C7ED-403E-84FA-7BF1F0601AE6}.Debug|Any CPU.ActiveCfg = Debug|Any CPU
		{56857ABB-C7ED-403E-84FA-7BF1F0601AE6}.Debug|Any CPU.Build.0 = Debug|Any CPU
		{56857ABB-C7ED-403E-84FA-7BF1F0601AE6}.Release|Any CPU.ActiveCfg = Release|Any CPU
		{56857ABB-C7ED-403E-84FA-7BF1F0601AE6}.Release|Any CPU.Build.0 = Release|Any CPU
	EndGlobalSection
	GlobalSection(SolutionProperties) = preSolution
		HideSolutionNode = FALSE
	EndGlobalSection
	GlobalSection(ExtensibilityGlobals) = postSolution
		SolutionGuid = {AEDD76F2-8C0D-4734-AA4C-9D24AE0AC8ED}
	EndGlobalSection
EndGlobal
