
Microsoft Visual Studio Solution File, Format Version 12.00
# Visual Studio Version 16
VisualStudioVersion = 16.0.29613.14
MinimumVisualStudioVersion = 10.0.40219.1
Project("{F184B08F-C81C-45F6-A57F-5ABD9991F28F}") = "クラスP244", "クラスP244\クラスP244.vbproj", "{52499475-82E4-48DC-9E81-ED2340044C69}"
EndProject
Project("{2150E333-8FDC-42A3-9474-1A3956D46DE8}") = "Solution Items", "Solution Items", "{2AE3687D-A3A7-45D2-90A6-BA06EDDACB8E}"
EndProject
Global
	GlobalSection(SolutionConfigurationPlatforms) = preSolution
		Debug|Any CPU = Debug|Any CPU
		Release|Any CPU = Release|Any CPU
	EndGlobalSection
	GlobalSection(ProjectConfigurationPlatforms) = postSolution
		{52499475-82E4-48DC-9E81-ED2340044C69}.Debug|Any CPU.ActiveCfg = Debug|Any CPU
		{52499475-82E4-48DC-9E81-ED2340044C69}.Debug|Any CPU.Build.0 = Debug|Any CPU
		{52499475-82E4-48DC-9E81-ED2340044C69}.Release|Any CPU.ActiveCfg = Release|Any CPU
		{52499475-82E4-48DC-9E81-ED2340044C69}.Release|Any CPU.Build.0 = Release|Any CPU
	EndGlobalSection
	GlobalSection(SolutionProperties) = preSolution
		HideSolutionNode = FALSE
	EndGlobalSection
	GlobalSection(ExtensibilityGlobals) = postSolution
		SolutionGuid = {8F1F2656-77F3-4B14-9BF7-F600FB7315FF}
	EndGlobalSection
EndGlobal
