
Microsoft Visual Studio Solution File, Format Version 12.00
# Visual Studio Version 16
VisualStudioVersion = 16.0.29613.14
MinimumVisualStudioVersion = 10.0.40219.1
Project("{F184B08F-C81C-45F6-A57F-5ABD9991F28F}") = "WindowsApp5", "WindowsApp5\WindowsApp5.vbproj", "{169A511E-0910-4F40-831B-43F20BFE9DDA}"
EndProject
Global
	GlobalSection(SolutionConfigurationPlatforms) = preSolution
		Debug|Any CPU = Debug|Any CPU
		Release|Any CPU = Release|Any CPU
	EndGlobalSection
	GlobalSection(ProjectConfigurationPlatforms) = postSolution
		{169A511E-0910-4F40-831B-43F20BFE9DDA}.Debug|Any CPU.ActiveCfg = Debug|Any CPU
		{169A511E-0910-4F40-831B-43F20BFE9DDA}.Debug|Any CPU.Build.0 = Debug|Any CPU
		{169A511E-0910-4F40-831B-43F20BFE9DDA}.Release|Any CPU.ActiveCfg = Release|Any CPU
		{169A511E-0910-4F40-831B-43F20BFE9DDA}.Release|Any CPU.Build.0 = Release|Any CPU
	EndGlobalSection
	GlobalSection(SolutionProperties) = preSolution
		HideSolutionNode = FALSE
	EndGlobalSection
	GlobalSection(ExtensibilityGlobals) = postSolution
		SolutionGuid = {586E7DBE-0ADA-4916-BF66-470C8DC9A50D}
	EndGlobalSection
EndGlobal
