
Microsoft Visual Studio Solution File, Format Version 12.00
# Visual Studio Version 16
VisualStudioVersion = 16.0.29613.14
MinimumVisualStudioVersion = 10.0.40219.1
Project("{888888A0-9F3D-457C-B088-3A5042F75D52}") = "楽天市場調査", "楽天市場調査\楽天市場調査.pyproj", "{10CB8005-59E5-4237-B582-3CE1303C58B4}"
EndProject
Global
	GlobalSection(SolutionConfigurationPlatforms) = preSolution
		Debug|Any CPU = Debug|Any CPU
		Release|Any CPU = Release|Any CPU
	EndGlobalSection
	GlobalSection(ProjectConfigurationPlatforms) = postSolution
		{10CB8005-59E5-4237-B582-3CE1303C58B4}.Debug|Any CPU.ActiveCfg = Debug|Any CPU
		{10CB8005-59E5-4237-B582-3CE1303C58B4}.Release|Any CPU.ActiveCfg = Release|Any CPU
	EndGlobalSection
	GlobalSection(SolutionProperties) = preSolution
		HideSolutionNode = FALSE
	EndGlobalSection
	GlobalSection(ExtensibilityGlobals) = postSolution
		SolutionGuid = {09C4F0CA-F577-4D5D-A32E-C4B3A15FC4BA}
	EndGlobalSection
EndGlobal
