
Microsoft Visual Studio Solution File, Format Version 12.00
# Visual Studio Version 16
VisualStudioVersion = 16.0.29613.14
MinimumVisualStudioVersion = 10.0.40219.1
Project("{8BC9CEB8-8B4A-11D0-8D11-00A0C91BC942}") = "オーバライド", "オーバライド.vcxproj", "{245D8B45-1D82-4811-9886-FB55FD40B55E}"
EndProject
Global
	GlobalSection(SolutionConfigurationPlatforms) = preSolution
		Debug|x64 = Debug|x64
		Debug|x86 = Debug|x86
		Release|x64 = Release|x64
		Release|x86 = Release|x86
	EndGlobalSection
	GlobalSection(ProjectConfigurationPlatforms) = postSolution
		{245D8B45-1D82-4811-9886-FB55FD40B55E}.Debug|x64.ActiveCfg = Debug|x64
		{245D8B45-1D82-4811-9886-FB55FD40B55E}.Debug|x64.Build.0 = Debug|x64
		{245D8B45-1D82-4811-9886-FB55FD40B55E}.Debug|x86.ActiveCfg = Debug|Win32
		{245D8B45-1D82-4811-9886-FB55FD40B55E}.Debug|x86.Build.0 = Debug|Win32
		{245D8B45-1D82-4811-9886-FB55FD40B55E}.Release|x64.ActiveCfg = Release|x64
		{245D8B45-1D82-4811-9886-FB55FD40B55E}.Release|x64.Build.0 = Release|x64
		{245D8B45-1D82-4811-9886-FB55FD40B55E}.Release|x86.ActiveCfg = Release|Win32
		{245D8B45-1D82-4811-9886-FB55FD40B55E}.Release|x86.Build.0 = Release|Win32
	EndGlobalSection
	GlobalSection(SolutionProperties) = preSolution
		HideSolutionNode = FALSE
	EndGlobalSection
	GlobalSection(ExtensibilityGlobals) = postSolution
		SolutionGuid = {3C5161BB-9DFA-4ED1-A6DC-6E87BF45F78E}
	EndGlobalSection
EndGlobal
