
Microsoft Visual Studio Solution File, Format Version 12.00
# Visual Studio Version 16
VisualStudioVersion = 16.0.29613.14
MinimumVisualStudioVersion = 10.0.40219.1
Project("{F184B08F-C81C-45F6-A57F-5ABD9991F28F}") = "VB問題", "VB問題\VB問題.vbproj", "{65E13AA7-F19B-4B4F-B32B-17FEA1CFFAE7}"
EndProject
Global
	GlobalSection(SolutionConfigurationPlatforms) = preSolution
		Debug|Any CPU = Debug|Any CPU
		Release|Any CPU = Release|Any CPU
	EndGlobalSection
	GlobalSection(ProjectConfigurationPlatforms) = postSolution
		{65E13AA7-F19B-4B4F-B32B-17FEA1CFFAE7}.Debug|Any CPU.ActiveCfg = Debug|Any CPU
		{65E13AA7-F19B-4B4F-B32B-17FEA1CFFAE7}.Debug|Any CPU.Build.0 = Debug|Any CPU
		{65E13AA7-F19B-4B4F-B32B-17FEA1CFFAE7}.Release|Any CPU.ActiveCfg = Release|Any CPU
		{65E13AA7-F19B-4B4F-B32B-17FEA1CFFAE7}.Release|Any CPU.Build.0 = Release|Any CPU
	EndGlobalSection
	GlobalSection(SolutionProperties) = preSolution
		HideSolutionNode = FALSE
	EndGlobalSection
	GlobalSection(ExtensibilityGlobals) = postSolution
		SolutionGuid = {967725C0-F38C-49B1-8E26-5C4494B77118}
	EndGlobalSection
EndGlobal
