
Microsoft Visual Studio Solution File, Format Version 12.00
# Visual Studio Version 16
VisualStudioVersion = 16.0.29613.14
MinimumVisualStudioVersion = 10.0.40219.1
Project("{FAE04EC0-301F-11D3-BF4B-00C04F79EFBC}") = "電卓アプリ", "電卓アプリ\電卓アプリ.csproj", "{865CAC1F-250B-481B-833C-77C0560D16FE}"
EndProject
Global
	GlobalSection(SolutionConfigurationPlatforms) = preSolution
		Debug|Any CPU = Debug|Any CPU
		Release|Any CPU = Release|Any CPU
	EndGlobalSection
	GlobalSection(ProjectConfigurationPlatforms) = postSolution
		{865CAC1F-250B-481B-833C-77C0560D16FE}.Debug|Any CPU.ActiveCfg = Debug|Any CPU
		{865CAC1F-250B-481B-833C-77C0560D16FE}.Debug|Any CPU.Build.0 = Debug|Any CPU
		{865CAC1F-250B-481B-833C-77C0560D16FE}.Release|Any CPU.ActiveCfg = Release|Any CPU
		{865CAC1F-250B-481B-833C-77C0560D16FE}.Release|Any CPU.Build.0 = Release|Any CPU
	EndGlobalSection
	GlobalSection(SolutionProperties) = preSolution
		HideSolutionNode = FALSE
	EndGlobalSection
	GlobalSection(ExtensibilityGlobals) = postSolution
		SolutionGuid = {5E33116B-F06E-4FFD-AEF6-FCADF5C4ECF9}
	EndGlobalSection
EndGlobal
