
Microsoft Visual Studio Solution File, Format Version 12.00
# Visual Studio Version 16
VisualStudioVersion = 16.0.29613.14
MinimumVisualStudioVersion = 10.0.40219.1
Project("{F184B08F-C81C-45F6-A57F-5ABD9991F28F}") = "ポケモン図鑑", "ポケモン図鑑\ポケモン図鑑.vbproj", "{3F162015-58CF-41E3-8BF6-AF28AA69FA0D}"
EndProject
Global
	GlobalSection(SolutionConfigurationPlatforms) = preSolution
		Debug|Any CPU = Debug|Any CPU
		Release|Any CPU = Release|Any CPU
	EndGlobalSection
	GlobalSection(ProjectConfigurationPlatforms) = postSolution
		{3F162015-58CF-41E3-8BF6-AF28AA69FA0D}.Debug|Any CPU.ActiveCfg = Debug|Any CPU
		{3F162015-58CF-41E3-8BF6-AF28AA69FA0D}.Debug|Any CPU.Build.0 = Debug|Any CPU
		{3F162015-58CF-41E3-8BF6-AF28AA69FA0D}.Release|Any CPU.ActiveCfg = Release|Any CPU
		{3F162015-58CF-41E3-8BF6-AF28AA69FA0D}.Release|Any CPU.Build.0 = Release|Any CPU
	EndGlobalSection
	GlobalSection(SolutionProperties) = preSolution
		HideSolutionNode = FALSE
	EndGlobalSection
	GlobalSection(ExtensibilityGlobals) = postSolution
		SolutionGuid = {2532CBE5-7D7C-47FF-BDB8-4BE4A4810600}
	EndGlobalSection
EndGlobal
