
Microsoft Visual Studio Solution File, Format Version 12.00
# Visual Studio Version 16
VisualStudioVersion = 16.0.29613.14
MinimumVisualStudioVersion = 10.0.40219.1
Project("{FAE04EC0-301F-11D3-BF4B-00C04F79EFBC}") = "拡張子変換アプリ", "拡張子変換アプリ.csproj", "{CCFA3284-7C28-4A9B-A719-884AB68A177C}"
EndProject
Global
	GlobalSection(SolutionConfigurationPlatforms) = preSolution
		Debug|Any CPU = Debug|Any CPU
		Release|Any CPU = Release|Any CPU
	EndGlobalSection
	GlobalSection(ProjectConfigurationPlatforms) = postSolution
		{CCFA3284-7C28-4A9B-A719-884AB68A177C}.Debug|Any CPU.ActiveCfg = Debug|Any CPU
		{CCFA3284-7C28-4A9B-A719-884AB68A177C}.Debug|Any CPU.Build.0 = Debug|Any CPU
		{CCFA3284-7C28-4A9B-A719-884AB68A177C}.Release|Any CPU.ActiveCfg = Release|Any CPU
		{CCFA3284-7C28-4A9B-A719-884AB68A177C}.Release|Any CPU.Build.0 = Release|Any CPU
	EndGlobalSection
	GlobalSection(SolutionProperties) = preSolution
		HideSolutionNode = FALSE
	EndGlobalSection
	GlobalSection(ExtensibilityGlobals) = postSolution
		SolutionGuid = {2C30FCA5-60EB-43BB-9FA7-05AB9CA74D4E}
	EndGlobalSection
EndGlobal
