
Microsoft Visual Studio Solution File, Format Version 12.00
# Visual Studio Version 16
VisualStudioVersion = 16.0.29613.14
MinimumVisualStudioVersion = 10.0.40219.1
Project("{8BC9CEB8-8B4A-11D0-8D11-00A0C91BC942}") = "new演算子とdelete演算子", "new演算子とdelete演算子.vcxproj", "{E34CBFEC-2652-417C-985A-5F435643C0BB}"
EndProject
Global
	GlobalSection(SolutionConfigurationPlatforms) = preSolution
		Debug|x64 = Debug|x64
		Debug|x86 = Debug|x86
		Release|x64 = Release|x64
		Release|x86 = Release|x86
	EndGlobalSection
	GlobalSection(ProjectConfigurationPlatforms) = postSolution
		{E34CBFEC-2652-417C-985A-5F435643C0BB}.Debug|x64.ActiveCfg = Debug|x64
		{E34CBFEC-2652-417C-985A-5F435643C0BB}.Debug|x64.Build.0 = Debug|x64
		{E34CBFEC-2652-417C-985A-5F435643C0BB}.Debug|x86.ActiveCfg = Debug|Win32
		{E34CBFEC-2652-417C-985A-5F435643C0BB}.Debug|x86.Build.0 = Debug|Win32
		{E34CBFEC-2652-417C-985A-5F435643C0BB}.Release|x64.ActiveCfg = Release|x64
		{E34CBFEC-2652-417C-985A-5F435643C0BB}.Release|x64.Build.0 = Release|x64
		{E34CBFEC-2652-417C-985A-5F435643C0BB}.Release|x86.ActiveCfg = Release|Win32
		{E34CBFEC-2652-417C-985A-5F435643C0BB}.Release|x86.Build.0 = Release|Win32
	EndGlobalSection
	GlobalSection(SolutionProperties) = preSolution
		HideSolutionNode = FALSE
	EndGlobalSection
	GlobalSection(ExtensibilityGlobals) = postSolution
		SolutionGuid = {D4D8FA8C-06F0-433A-AC54-E9ABF0463124}
	EndGlobalSection
EndGlobal
