
Microsoft Visual Studio Solution File, Format Version 12.00
# Visual Studio Version 16
VisualStudioVersion = 16.0.29613.14
MinimumVisualStudioVersion = 10.0.40219.1
Project("{8BC9CEB8-8B4A-11D0-8D11-00A0C91BC942}") = "名前空間を利用して同名の変数を複数定義する", "名前空間を利用して同名の変数を複数定義する.vcxproj", "{BEC9B828-4E83-417B-BE6A-1EAD7C244F64}"
EndProject
Global
	GlobalSection(SolutionConfigurationPlatforms) = preSolution
		Debug|x64 = Debug|x64
		Debug|x86 = Debug|x86
		Release|x64 = Release|x64
		Release|x86 = Release|x86
	EndGlobalSection
	GlobalSection(ProjectConfigurationPlatforms) = postSolution
		{BEC9B828-4E83-417B-BE6A-1EAD7C244F64}.Debug|x64.ActiveCfg = Debug|x64
		{BEC9B828-4E83-417B-BE6A-1EAD7C244F64}.Debug|x64.Build.0 = Debug|x64
		{BEC9B828-4E83-417B-BE6A-1EAD7C244F64}.Debug|x86.ActiveCfg = Debug|Win32
		{BEC9B828-4E83-417B-BE6A-1EAD7C244F64}.Debug|x86.Build.0 = Debug|Win32
		{BEC9B828-4E83-417B-BE6A-1EAD7C244F64}.Release|x64.ActiveCfg = Release|x64
		{BEC9B828-4E83-417B-BE6A-1EAD7C244F64}.Release|x64.Build.0 = Release|x64
		{BEC9B828-4E83-417B-BE6A-1EAD7C244F64}.Release|x86.ActiveCfg = Release|Win32
		{BEC9B828-4E83-417B-BE6A-1EAD7C244F64}.Release|x86.Build.0 = Release|Win32
	EndGlobalSection
	GlobalSection(SolutionProperties) = preSolution
		HideSolutionNode = FALSE
	EndGlobalSection
	GlobalSection(ExtensibilityGlobals) = postSolution
		SolutionGuid = {CB94DA4E-E29B-426D-B746-3D24BDF05520}
	EndGlobalSection
EndGlobal
