
Microsoft Visual Studio Solution File, Format Version 12.00
# Visual Studio Version 16
VisualStudioVersion = 16.0.29613.14
MinimumVisualStudioVersion = 10.0.40219.1
Project("{888888A0-9F3D-457C-B088-3A5042F75D52}") = "じゃんけん＿Python", "じゃんけん＿Python\じゃんけん＿Python.pyproj", "{49085B0F-DA36-4C59-BE28-834D97331F53}"
EndProject
Global
	GlobalSection(SolutionConfigurationPlatforms) = preSolution
		Debug|Any CPU = Debug|Any CPU
		Release|Any CPU = Release|Any CPU
	EndGlobalSection
	GlobalSection(ProjectConfigurationPlatforms) = postSolution
		{49085B0F-DA36-4C59-BE28-834D97331F53}.Debug|Any CPU.ActiveCfg = Debug|Any CPU
		{49085B0F-DA36-4C59-BE28-834D97331F53}.Release|Any CPU.ActiveCfg = Release|Any CPU
	EndGlobalSection
	GlobalSection(SolutionProperties) = preSolution
		HideSolutionNode = FALSE
	EndGlobalSection
	GlobalSection(ExtensibilityGlobals) = postSolution
		SolutionGuid = {8EC8FAAB-8A0E-4146-B21A-BEB2E753AB9B}
	EndGlobalSection
EndGlobal
