
Microsoft Visual Studio Solution File, Format Version 12.00
# Visual Studio Version 16
VisualStudioVersion = 16.0.29613.14
MinimumVisualStudioVersion = 10.0.40219.1
Project("{F184B08F-C81C-45F6-A57F-5ABD9991F28F}") = "レジストリ取得フォーム", "レジストリ取得フォーム\レジストリ取得フォーム.vbproj", "{635E2E29-E036-4E67-82AD-3F8F6F34D107}"
EndProject
Global
	GlobalSection(SolutionConfigurationPlatforms) = preSolution
		Debug|Any CPU = Debug|Any CPU
		Release|Any CPU = Release|Any CPU
	EndGlobalSection
	GlobalSection(ProjectConfigurationPlatforms) = postSolution
		{635E2E29-E036-4E67-82AD-3F8F6F34D107}.Debug|Any CPU.ActiveCfg = Debug|Any CPU
		{635E2E29-E036-4E67-82AD-3F8F6F34D107}.Debug|Any CPU.Build.0 = Debug|Any CPU
		{635E2E29-E036-4E67-82AD-3F8F6F34D107}.Release|Any CPU.ActiveCfg = Release|Any CPU
		{635E2E29-E036-4E67-82AD-3F8F6F34D107}.Release|Any CPU.Build.0 = Release|Any CPU
	EndGlobalSection
	GlobalSection(SolutionProperties) = preSolution
		HideSolutionNode = FALSE
	EndGlobalSection
	GlobalSection(ExtensibilityGlobals) = postSolution
		SolutionGuid = {9F71C3B3-C52E-481F-B7A7-B3F98683A4D5}
	EndGlobalSection
EndGlobal
