
Microsoft Visual Studio Solution File, Format Version 12.00
# Visual Studio Version 16
VisualStudioVersion = 16.0.29613.14
MinimumVisualStudioVersion = 10.0.40219.1
Project("{FAE04EC0-301F-11D3-BF4B-00C04F79EFBC}") = "けたぐま２.Android", "けたぐま２\けたぐま２.Android\けたぐま２.Android.csproj", "{C9BE654F-EAF4-4533-8F5D-FC891DA3B7C8}"
EndProject
Project("{FAE04EC0-301F-11D3-BF4B-00C04F79EFBC}") = "けたぐま２.iOS", "けたぐま２\けたぐま２.iOS\けたぐま２.iOS.csproj", "{9E75EE2B-FA87-4AD5-9410-5088D3CD8CB1}"
EndProject
Project("{FAE04EC0-301F-11D3-BF4B-00C04F79EFBC}") = "けたぐま２", "けたぐま２\けたぐま２\けたぐま２.csproj", "{24C71BE2-7F2C-443F-883B-A97BFB23E9B2}"
EndProject
Global
	GlobalSection(SolutionConfigurationPlatforms) = preSolution
		Debug|Any CPU = Debug|Any CPU
		Debug|iPhone = Debug|iPhone
		Debug|iPhoneSimulator = Debug|iPhoneSimulator
		Release|Any CPU = Release|Any CPU
		Release|iPhone = Release|iPhone
		Release|iPhoneSimulator = Release|iPhoneSimulator
	EndGlobalSection
	GlobalSection(ProjectConfigurationPlatforms) = postSolution
		{C9BE654F-EAF4-4533-8F5D-FC891DA3B7C8}.Debug|Any CPU.ActiveCfg = Debug|Any CPU
		{C9BE654F-EAF4-4533-8F5D-FC891DA3B7C8}.Debug|Any CPU.Build.0 = Debug|Any CPU
		{C9BE654F-EAF4-4533-8F5D-FC891DA3B7C8}.Debug|Any CPU.Deploy.0 = Debug|Any CPU
		{C9BE654F-EAF4-4533-8F5D-FC891DA3B7C8}.Debug|iPhone.ActiveCfg = Debug|Any CPU
		{C9BE654F-EAF4-4533-8F5D-FC891DA3B7C8}.Debug|iPhone.Build.0 = Debug|Any CPU
		{C9BE654F-EAF4-4533-8F5D-FC891DA3B7C8}.Debug|iPhone.Deploy.0 = Debug|Any CPU
		{C9BE654F-EAF4-4533-8F5D-FC891DA3B7C8}.Debug|iPhoneSimulator.ActiveCfg = Debug|Any CPU
		{C9BE654F-EAF4-4533-8F5D-FC891DA3B7C8}.Debug|iPhoneSimulator.Build.0 = Debug|Any CPU
		{C9BE654F-EAF4-4533-8F5D-FC891DA3B7C8}.Debug|iPhoneSimulator.Deploy.0 = Debug|Any CPU
		{C9BE654F-EAF4-4533-8F5D-FC891DA3B7C8}.Release|Any CPU.ActiveCfg = Release|Any CPU
		{C9BE654F-EAF4-4533-8F5D-FC891DA3B7C8}.Release|Any CPU.Build.0 = Release|Any CPU
		{C9BE654F-EAF4-4533-8F5D-FC891DA3B7C8}.Release|Any CPU.Deploy.0 = Release|Any CPU
		{C9BE654F-EAF4-4533-8F5D-FC891DA3B7C8}.Release|iPhone.ActiveCfg = Release|Any CPU
		{C9BE654F-EAF4-4533-8F5D-FC891DA3B7C8}.Release|iPhone.Build.0 = Release|Any CPU
		{C9BE654F-EAF4-4533-8F5D-FC891DA3B7C8}.Release|iPhone.Deploy.0 = Release|Any CPU
		{C9BE654F-EAF4-4533-8F5D-FC891DA3B7C8}.Release|iPhoneSimulator.ActiveCfg = Release|Any CPU
		{C9BE654F-EAF4-4533-8F5D-FC891DA3B7C8}.Release|iPhoneSimulator.Build.0 = Release|Any CPU
		{C9BE654F-EAF4-4533-8F5D-FC891DA3B7C8}.Release|iPhoneSimulator.Deploy.0 = Release|Any CPU
		{9E75EE2B-FA87-4AD5-9410-5088D3CD8CB1}.Debug|Any CPU.ActiveCfg = Debug|iPhoneSimulator
		{9E75EE2B-FA87-4AD5-9410-5088D3CD8CB1}.Debug|Any CPU.Build.0 = Debug|iPhoneSimulator
		{9E75EE2B-FA87-4AD5-9410-5088D3CD8CB1}.Debug|Any CPU.Deploy.0 = Debug|iPhoneSimulator
		{9E75EE2B-FA87-4AD5-9410-5088D3CD8CB1}.Debug|iPhone.ActiveCfg = Debug|iPhone
		{9E75EE2B-FA87-4AD5-9410-5088D3CD8CB1}.Debug|iPhone.Build.0 = Debug|iPhone
		{9E75EE2B-FA87-4AD5-9410-5088D3CD8CB1}.Debug|iPhone.Deploy.0 = Debug|iPhone
		{9E75EE2B-FA87-4AD5-9410-5088D3CD8CB1}.Debug|iPhoneSimulator.ActiveCfg = Debug|iPhoneSimulator
		{9E75EE2B-FA87-4AD5-9410-5088D3CD8CB1}.Debug|iPhoneSimulator.Build.0 = Debug|iPhoneSimulator
		{9E75EE2B-FA87-4AD5-9410-5088D3CD8CB1}.Debug|iPhoneSimulator.Deploy.0 = Debug|iPhoneSimulator
		{9E75EE2B-FA87-4AD5-9410-5088D3CD8CB1}.Release|Any CPU.ActiveCfg = Release|iPhone
		{9E75EE2B-FA87-4AD5-9410-5088D3CD8CB1}.Release|Any CPU.Build.0 = Release|iPhone
		{9E75EE2B-FA87-4AD5-9410-5088D3CD8CB1}.Release|Any CPU.Deploy.0 = Release|iPhone
		{9E75EE2B-FA87-4AD5-9410-5088D3CD8CB1}.Release|iPhone.ActiveCfg = Release|iPhone
		{9E75EE2B-FA87-4AD5-9410-5088D3CD8CB1}.Release|iPhone.Build.0 = Release|iPhone
		{9E75EE2B-FA87-4AD5-9410-5088D3CD8CB1}.Release|iPhone.Deploy.0 = Release|iPhone
		{9E75EE2B-FA87-4AD5-9410-5088D3CD8CB1}.Release|iPhoneSimulator.ActiveCfg = Release|iPhoneSimulator
		{9E75EE2B-FA87-4AD5-9410-5088D3CD8CB1}.Release|iPhoneSimulator.Build.0 = Release|iPhoneSimulator
		{9E75EE2B-FA87-4AD5-9410-5088D3CD8CB1}.Release|iPhoneSimulator.Deploy.0 = Release|iPhoneSimulator
		{24C71BE2-7F2C-443F-883B-A97BFB23E9B2}.Debug|Any CPU.ActiveCfg = Debug|Any CPU
		{24C71BE2-7F2C-443F-883B-A97BFB23E9B2}.Debug|Any CPU.Build.0 = Debug|Any CPU
		{24C71BE2-7F2C-443F-883B-A97BFB23E9B2}.Debug|Any CPU.Deploy.0 = Debug|Any CPU
		{24C71BE2-7F2C-443F-883B-A97BFB23E9B2}.Debug|iPhone.ActiveCfg = Debug|Any CPU
		{24C71BE2-7F2C-443F-883B-A97BFB23E9B2}.Debug|iPhone.Build.0 = Debug|Any CPU
		{24C71BE2-7F2C-443F-883B-A97BFB23E9B2}.Debug|iPhone.Deploy.0 = Debug|Any CPU
		{24C71BE2-7F2C-443F-883B-A97BFB23E9B2}.Debug|iPhoneSimulator.ActiveCfg = Debug|Any CPU
		{24C71BE2-7F2C-443F-883B-A97BFB23E9B2}.Debug|iPhoneSimulator.Build.0 = Debug|Any CPU
		{24C71BE2-7F2C-443F-883B-A97BFB23E9B2}.Debug|iPhoneSimulator.Deploy.0 = Debug|Any CPU
		{24C71BE2-7F2C-443F-883B-A97BFB23E9B2}.Release|Any CPU.ActiveCfg = Release|Any CPU
		{24C71BE2-7F2C-443F-883B-A97BFB23E9B2}.Release|Any CPU.Build.0 = Release|Any CPU
		{24C71BE2-7F2C-443F-883B-A97BFB23E9B2}.Release|Any CPU.Deploy.0 = Release|Any CPU
		{24C71BE2-7F2C-443F-883B-A97BFB23E9B2}.Release|iPhone.ActiveCfg = Release|Any CPU
		{24C71BE2-7F2C-443F-883B-A97BFB23E9B2}.Release|iPhone.Build.0 = Release|Any CPU
		{24C71BE2-7F2C-443F-883B-A97BFB23E9B2}.Release|iPhone.Deploy.0 = Release|Any CPU
		{24C71BE2-7F2C-443F-883B-A97BFB23E9B2}.Release|iPhoneSimulator.ActiveCfg = Release|Any CPU
		{24C71BE2-7F2C-443F-883B-A97BFB23E9B2}.Release|iPhoneSimulator.Build.0 = Release|Any CPU
		{24C71BE2-7F2C-443F-883B-A97BFB23E9B2}.Release|iPhoneSimulator.Deploy.0 = Release|Any CPU
	EndGlobalSection
	GlobalSection(SolutionProperties) = preSolution
		HideSolutionNode = FALSE
	EndGlobalSection
	GlobalSection(ExtensibilityGlobals) = postSolution
		SolutionGuid = {C8F4F819-C89C-414D-8187-F740414D86E6}
	EndGlobalSection
EndGlobal
