
Microsoft Visual Studio Solution File, Format Version 12.00
# Visual Studio Version 16
VisualStudioVersion = 16.0.29613.14
MinimumVisualStudioVersion = 10.0.40219.1
Project("{F184B08F-C81C-45F6-A57F-5ABD9991F28F}") = "ConsoleApp5", "ConsoleApp5\ConsoleApp5.vbproj", "{3F0C812C-E9AC-4384-84EC-DBC1413512B2}"
EndProject
Global
	GlobalSection(SolutionConfigurationPlatforms) = preSolution
		Debug|Any CPU = Debug|Any CPU
		Release|Any CPU = Release|Any CPU
	EndGlobalSection
	GlobalSection(ProjectConfigurationPlatforms) = postSolution
		{3F0C812C-E9AC-4384-84EC-DBC1413512B2}.Debug|Any CPU.ActiveCfg = Debug|Any CPU
		{3F0C812C-E9AC-4384-84EC-DBC1413512B2}.Debug|Any CPU.Build.0 = Debug|Any CPU
		{3F0C812C-E9AC-4384-84EC-DBC1413512B2}.Release|Any CPU.ActiveCfg = Release|Any CPU
		{3F0C812C-E9AC-4384-84EC-DBC1413512B2}.Release|Any CPU.Build.0 = Release|Any CPU
	EndGlobalSection
	GlobalSection(SolutionProperties) = preSolution
		HideSolutionNode = FALSE
	EndGlobalSection
	GlobalSection(ExtensibilityGlobals) = postSolution
		SolutionGuid = {F5BCD170-F6C4-439D-A5B3-D2C222F4F5A2}
	EndGlobalSection
EndGlobal
