
Microsoft Visual Studio Solution File, Format Version 12.00
# Visual Studio Version 16
VisualStudioVersion = 16.0.29613.14
MinimumVisualStudioVersion = 10.0.40219.1
Project("{F184B08F-C81C-45F6-A57F-5ABD9991F28F}") = "DataPasswprd模写", "DataPasswprd模写\DataPasswprd模写.vbproj", "{50BF187B-D08E-4C8D-ACE9-1681293D9968}"
EndProject
Global
	GlobalSection(SolutionConfigurationPlatforms) = preSolution
		Debug|Any CPU = Debug|Any CPU
		Release|Any CPU = Release|Any CPU
	EndGlobalSection
	GlobalSection(ProjectConfigurationPlatforms) = postSolution
		{50BF187B-D08E-4C8D-ACE9-1681293D9968}.Debug|Any CPU.ActiveCfg = Debug|Any CPU
		{50BF187B-D08E-4C8D-ACE9-1681293D9968}.Debug|Any CPU.Build.0 = Debug|Any CPU
		{50BF187B-D08E-4C8D-ACE9-1681293D9968}.Release|Any CPU.ActiveCfg = Release|Any CPU
		{50BF187B-D08E-4C8D-ACE9-1681293D9968}.Release|Any CPU.Build.0 = Release|Any CPU
	EndGlobalSection
	GlobalSection(SolutionProperties) = preSolution
		HideSolutionNode = FALSE
	EndGlobalSection
	GlobalSection(ExtensibilityGlobals) = postSolution
		SolutionGuid = {294E01FD-CE1B-40BF-875F-679CBF34CF45}
	EndGlobalSection
EndGlobal
