
Microsoft Visual Studio Solution File, Format Version 12.00
# Visual Studio Version 16
VisualStudioVersion = 16.0.29613.14
MinimumVisualStudioVersion = 10.0.40219.1
Project("{F184B08F-C81C-45F6-A57F-5ABD9991F28F}") = "WindowsApp7", "WindowsApp7\WindowsApp7.vbproj", "{B66D3BF6-9315-4E63-806C-175D08C9C982}"
EndProject
Global
	GlobalSection(SolutionConfigurationPlatforms) = preSolution
		Debug|Any CPU = Debug|Any CPU
		Release|Any CPU = Release|Any CPU
	EndGlobalSection
	GlobalSection(ProjectConfigurationPlatforms) = postSolution
		{B66D3BF6-9315-4E63-806C-175D08C9C982}.Debug|Any CPU.ActiveCfg = Debug|Any CPU
		{B66D3BF6-9315-4E63-806C-175D08C9C982}.Debug|Any CPU.Build.0 = Debug|Any CPU
		{B66D3BF6-9315-4E63-806C-175D08C9C982}.Release|Any CPU.ActiveCfg = Release|Any CPU
		{B66D3BF6-9315-4E63-806C-175D08C9C982}.Release|Any CPU.Build.0 = Release|Any CPU
	EndGlobalSection
	GlobalSection(SolutionProperties) = preSolution
		HideSolutionNode = FALSE
	EndGlobalSection
	GlobalSection(ExtensibilityGlobals) = postSolution
		SolutionGuid = {B86A3E1B-CF53-455F-82D3-37CCD469A021}
	EndGlobalSection
EndGlobal
