
Microsoft Visual Studio Solution File, Format Version 12.00
# Visual Studio Version 16
VisualStudioVersion = 16.0.29613.14
MinimumVisualStudioVersion = 10.0.40219.1
Project("{F184B08F-C81C-45F6-A57F-5ABD9991F28F}") = "横スクロール", "横スクロール\横スクロール.vbproj", "{B0CF335C-5449-4788-866A-8170FA69F9C9}"
EndProject
Global
	GlobalSection(SolutionConfigurationPlatforms) = preSolution
		Debug|Any CPU = Debug|Any CPU
		Release|Any CPU = Release|Any CPU
	EndGlobalSection
	GlobalSection(ProjectConfigurationPlatforms) = postSolution
		{B0CF335C-5449-4788-866A-8170FA69F9C9}.Debug|Any CPU.ActiveCfg = Debug|Any CPU
		{B0CF335C-5449-4788-866A-8170FA69F9C9}.Debug|Any CPU.Build.0 = Debug|Any CPU
		{B0CF335C-5449-4788-866A-8170FA69F9C9}.Release|Any CPU.ActiveCfg = Release|Any CPU
		{B0CF335C-5449-4788-866A-8170FA69F9C9}.Release|Any CPU.Build.0 = Release|Any CPU
	EndGlobalSection
	GlobalSection(SolutionProperties) = preSolution
		HideSolutionNode = FALSE
	EndGlobalSection
	GlobalSection(ExtensibilityGlobals) = postSolution
		SolutionGuid = {8C93279F-9444-4CAD-8E0B-AD8FB957FD72}
	EndGlobalSection
EndGlobal
